dependencies:
  '@rush-temp/lib-aaa': 'file:projects/lib-aaa.tgz'
  '@rush-temp/lib-bee': 'file:projects/lib-bee.tgz'
  '@rush-temp/lib-sea': 'file:projects/lib-sea.tgz'
  '@types/node': 8.10.49
  typescript: 3.5.1
lockfileVersion: 5
packages:
  /@types/node/8.0.0:
    dev: false
    resolution:
      integrity: sha512-j2tekvJCO7j22cs+LO6i0kRPhmQ9MXaPZ55TzOc1lzkN5b6BWqq4AFjl04s1oRRQ1v5rSe+KEvnLUSTonuls/A==
  /@types/node/8.10.49:
    dev: false
    resolution:
      integrity: sha512-YX30JVx0PvSmJ3Eqr74fYLGeBxD+C7vIL20ek+GGGLJeUbVYRUW3EzyAXpIRA0K8c8o0UWqR/GwEFYiFoz1T8w==
  /base64-js/1.3.0:
    dev: false
    resolution:
      integrity: sha512-ccav/yGvoa80BQDljCxsmmQ3Xvx60/UpBIij5QN21W3wBi/hhIC9OoO+KLpu9IJTS9j4DRVJ3aDDF9cMSoa2lw==
  /buffer/5.2.1:
    dependencies:
      base64-js: 1.3.0
      ieee754: 1.1.13
    dev: false
    resolution:
      integrity: sha512-c+Ko0loDaFfuPWiL02ls9Xd3GO3cPVmUobQ6t3rXNUk304u6hGq+8N/kFi+QEIKhzK3uwolVhLzszmfLmMLnqg==
  /ieee754/1.1.13:
    dev: false
    resolution:
      integrity: sha512-4vf7I2LYV/HaWerSo3XmlMkp5eZ83i+/CDluXi/IGTs/O1sejBNhTtnxzmRZfvOUqj7lZjqHkeTvpgSFDlWZTg==
  /typescript/3.5.1:
    dev: false
    engines:
      node: '>=4.2.0'
    hasBin: true
    resolution:
      integrity: sha512-64HkdiRv1yYZsSe4xC1WVgamNigVYjlssIoaH2HcZF0+ijsk5YK2g0G34w9wJkze8+5ow4STd22AynfO6ZYYLw==
  'file:projects/lib-aaa.tgz':
    dependencies:
      '@types/node': 8.0.0
      buffer: 5.2.1
      typescript: 3.5.1
    dev: false
    name: '@rush-temp/lib-aaa'
    resolution:
      integrity: sha512-IPOQ/iQ1V6XvSe3+CsUv7O8+u9lm9DSsKhjg/ltSRpJKGofs6PtjR5s7a0aZx4zvyotnc5iy5DonOOmpfXAi8w==
      tarball: 'file:projects/lib-aaa.tgz'
    version: 0.0.0
  'file:projects/lib-bee.tgz':
    dependencies:
      '@types/node': 8.10.49
      buffer: 5.2.1
      typescript: 3.5.1
    dev: false
    name: '@rush-temp/lib-bee'
    resolution:
      integrity: sha512-rNj7bB4CUgPpQJbMpfOAIh43WnpUJEgrkWKPN67d3doV0jOI0yd9xHl7aP9rAychfFyIA/UZ3er5S7GT1CTBgA==
      tarball: 'file:projects/lib-bee.tgz'
    version: 0.0.0
  'file:projects/lib-sea.tgz':
    dependencies:
      '@types/node': 8.10.49
      typescript: 3.5.1
    dev: false
    name: '@rush-temp/lib-sea'
    resolution:
      integrity: sha512-VJxc2ILqOCpMW11kO9p6DT2jsrJpKMis1wRzcZdzZrqDJcMtq5SaPVpyuqE6Jl6UrYjrGqV6G531hA1t6myg+Q==
      tarball: 'file:projects/lib-sea.tgz'
    version: 0.0.0
registry: ''
specifiers:
  '@rush-temp/lib-aaa': 'file:./projects/lib-aaa.tgz'
  '@rush-temp/lib-bee': 'file:./projects/lib-bee.tgz'
  '@rush-temp/lib-sea': 'file:./projects/lib-sea.tgz'
  '@types/node': ^8.0.0
  typescript: 3.5.1
